
Microsoft Visual Studio Solution File, Format Version 12.00
# Visual Studio Version 16
VisualStudioVersion = 16.0.32802.440
MinimumVisualStudioVersion = 10.0.40219.1
Project("{8BC9CEB8-8B4A-11D0-8D11-00A0C91BC942}") = "API_TETRIS", "API_TETRIS\API_TETRIS.vcxproj", "{C878B6B0-52AE-4087-AA80-958E04A5FAFD}"
EndProject
Global
	GlobalSection(SolutionConfigurationPlatforms) = preSolution
		Debug|x64 = Debug|x64
		Debug|x86 = Debug|x86
		Release|x64 = Release|x64
		Release|x86 = Release|x86
	EndGlobalSection
	GlobalSection(ProjectConfigurationPlatforms) = postSolution
		{C878B6B0-52AE-4087-AA80-958E04A5FAFD}.Debug|x64.ActiveCfg = Debug|x64
		{C878B6B0-52AE-4087-AA80-958E04A5FAFD}.Debug|x64.Build.0 = Debug|x64
		{C878B6B0-52AE-4087-AA80-958E04A5FAFD}.Debug|x86.ActiveCfg = Debug|Win32
		{C878B6B0-52AE-4087-AA80-958E04A5FAFD}.Debug|x86.Build.0 = Debug|Win32
		{C878B6B0-52AE-4087-AA80-958E04A5FAFD}.Release|x64.ActiveCfg = Release|x64
		{C878B6B0-52AE-4087-AA80-958E04A5FAFD}.Release|x64.Build.0 = Release|x64
		{C878B6B0-52AE-4087-AA80-958E04A5FAFD}.Release|x86.ActiveCfg = Release|Win32
		{C878B6B0-52AE-4087-AA80-958E04A5FAFD}.Release|x86.Build.0 = Release|Win32
	EndGlobalSection
	GlobalSection(SolutionProperties) = preSolution
		HideSolutionNode = FALSE
	EndGlobalSection
	GlobalSection(ExtensibilityGlobals) = postSolution
		SolutionGuid = {0092D011-0A8B-47C1-9ABE-B7F23FDB9DCA}
	EndGlobalSection
EndGlobal
